
Microsoft Visual Studio Solution File, Format Version 12.00
# Visual Studio Express 2012 for Windows Desktop
Project("{FAE04EC0-301F-11D3-BF4B-00C04F79EFBC}") = "FearEngine", "FearEngine\FearEngine.csproj", "{D53805FD-250D-48E7-A571-448C495E7BDE}"
	ProjectSection(ProjectDependencies) = postProject
		{410AF4DB-BCE8-4583-A9BE-84EED63EB539} = {410AF4DB-BCE8-4583-A9BE-84EED63EB539}
	EndProjectSection
EndProject
Project("{FAE04EC0-301F-11D3-BF4B-00C04F79EFBC}") = "Collada_Main", "..\ThirdParty\Collada_Main\Collada_Main\Collada_Main.csproj", "{410AF4DB-BCE8-4583-A9BE-84EED63EB539}"
EndProject
Global
	GlobalSection(SolutionConfigurationPlatforms) = preSolution
		Debug|Any CPU = Debug|Any CPU
		Release|Any CPU = Release|Any CPU
	EndGlobalSection
	GlobalSection(ProjectConfigurationPlatforms) = postSolution
		{D53805FD-250D-48E7-A571-448C495E7BDE}.Debug|Any CPU.ActiveCfg = Debug|Any CPU
		{D53805FD-250D-48E7-A571-448C495E7BDE}.Debug|Any CPU.Build.0 = Debug|Any CPU
		{D53805FD-250D-48E7-A571-448C495E7BDE}.Release|Any CPU.ActiveCfg = Release|Any CPU
		{D53805FD-250D-48E7-A571-448C495E7BDE}.Release|Any CPU.Build.0 = Release|Any CPU
		{410AF4DB-BCE8-4583-A9BE-84EED63EB539}.Debug|Any CPU.ActiveCfg = Debug|Any CPU
		{410AF4DB-BCE8-4583-A9BE-84EED63EB539}.Debug|Any CPU.Build.0 = Debug|Any CPU
		{410AF4DB-BCE8-4583-A9BE-84EED63EB539}.Release|Any CPU.ActiveCfg = Release|Any CPU
		{410AF4DB-BCE8-4583-A9BE-84EED63EB539}.Release|Any CPU.Build.0 = Release|Any CPU
	EndGlobalSection
	GlobalSection(SolutionProperties) = preSolution
		HideSolutionNode = FALSE
	EndGlobalSection
EndGlobal
